
Microsoft Visual Studio Solution File, Format Version 12.00
# Visual Studio Version 17
VisualStudioVersion = 17.8.34511.84
MinimumVisualStudioVersion = 10.0.40219.1
Project("{FAE04EC0-301F-11D3-BF4B-00C04F79EFBC}") = "CarAPI", "CarAPI.csproj", "{3F47C06D-2A4C-4EC7-93A4-09CD21E5F885}"
EndProject
Global
	GlobalSection(SolutionConfigurationPlatforms) = preSolution
		Debug|Any CPU = Debug|Any CPU
		Release|Any CPU = Release|Any CPU
	EndGlobalSection
	GlobalSection(ProjectConfigurationPlatforms) = postSolution
		{3F47C06D-2A4C-4EC7-93A4-09CD21E5F885}.Debug|Any CPU.ActiveCfg = Debug|Any CPU
		{3F47C06D-2A4C-4EC7-93A4-09CD21E5F885}.Debug|Any CPU.Build.0 = Debug|Any CPU
		{3F47C06D-2A4C-4EC7-93A4-09CD21E5F885}.Release|Any CPU.ActiveCfg = Release|Any CPU
		{3F47C06D-2A4C-4EC7-93A4-09CD21E5F885}.Release|Any CPU.Build.0 = Release|Any CPU
	EndGlobalSection
	GlobalSection(SolutionProperties) = preSolution
		HideSolutionNode = FALSE
	EndGlobalSection
	GlobalSection(ExtensibilityGlobals) = postSolution
		SolutionGuid = {06115D85-E221-432D-A0EB-847F1A4021B1}
	EndGlobalSection
EndGlobal
